
Microsoft Visual Studio Solution File, Format Version 12.00
# Visual Studio Version 17
VisualStudioVersion = 17.5.002.0
MinimumVisualStudioVersion = 10.0.40219.1
Project("{9A19103F-16F7-4668-BE54-9A1E7A4F7556}") = "DesafioPOO", "DesafioPOO.csproj", "{A33AECBE-1B73-4B17-9DEA-C2D60F787411}"
EndProject
Global
	GlobalSection(SolutionConfigurationPlatforms) = preSolution
		Debug|Any CPU = Debug|Any CPU
		Release|Any CPU = Release|Any CPU
	EndGlobalSection
	GlobalSection(ProjectConfigurationPlatforms) = postSolution
		{A33AECBE-1B73-4B17-9DEA-C2D60F787411}.Debug|Any CPU.ActiveCfg = Debug|Any CPU
		{A33AECBE-1B73-4B17-9DEA-C2D60F787411}.Debug|Any CPU.Build.0 = Debug|Any CPU
		{A33AECBE-1B73-4B17-9DEA-C2D60F787411}.Release|Any CPU.ActiveCfg = Release|Any CPU
		{A33AECBE-1B73-4B17-9DEA-C2D60F787411}.Release|Any CPU.Build.0 = Release|Any CPU
	EndGlobalSection
	GlobalSection(SolutionProperties) = preSolution
		HideSolutionNode = FALSE
	EndGlobalSection
	GlobalSection(ExtensibilityGlobals) = postSolution
		SolutionGuid = {0A470C00-5C94-4621-85D8-4756ADF4978B}
	EndGlobalSection
EndGlobal
